
Microsoft Visual Studio Solution File, Format Version 12.00
# Visual Studio Version 17
VisualStudioVersion = 17.5.33627.172
MinimumVisualStudioVersion = 10.0.40219.1
Project("{FAE04EC0-301F-11D3-BF4B-00C04F79EFBC}") = "IdentityAppMVC", "IdentityAppMVC\IdentityAppMVC.csproj", "{08A18794-FC34-441B-A7E4-7AFFBF6282AE}"
EndProject
Project("{2150E333-8FDC-42A3-9474-1A3956D46DE8}") = "Solution Items", "Solution Items", "{35DE10C7-B61B-4C74-88ED-FBE6C79CADA8}"
	ProjectSection(SolutionItems) = preProject
		Readme.md = Readme.md
	EndProjectSection
EndProject
Global
	GlobalSection(SolutionConfigurationPlatforms) = preSolution
		Debug|Any CPU = Debug|Any CPU
		Release|Any CPU = Release|Any CPU
	EndGlobalSection
	GlobalSection(ProjectConfigurationPlatforms) = postSolution
		{08A18794-FC34-441B-A7E4-7AFFBF6282AE}.Debug|Any CPU.ActiveCfg = Debug|Any CPU
		{08A18794-FC34-441B-A7E4-7AFFBF6282AE}.Debug|Any CPU.Build.0 = Debug|Any CPU
		{08A18794-FC34-441B-A7E4-7AFFBF6282AE}.Release|Any CPU.ActiveCfg = Release|Any CPU
		{08A18794-FC34-441B-A7E4-7AFFBF6282AE}.Release|Any CPU.Build.0 = Release|Any CPU
	EndGlobalSection
	GlobalSection(SolutionProperties) = preSolution
		HideSolutionNode = FALSE
	EndGlobalSection
	GlobalSection(ExtensibilityGlobals) = postSolution
		SolutionGuid = {2CDE29F4-3234-42B7-923E-F39247EC7A70}
	EndGlobalSection
EndGlobal
